
Microsoft Visual Studio Solution File, Format Version 12.00
# Visual Studio Version 17
VisualStudioVersion = 17.3.32929.385
MinimumVisualStudioVersion = 10.0.40219.1
Project("{9A19103F-16F7-4668-BE54-9A1E7A4F7556}") = "ToDoListBlazorWasm", "ToDoListBlazorWasm\ToDoListBlazorWasm.csproj", "{BAF1BA9D-4D77-40AC-95AB-74A6907BFB6D}"
EndProject
Project("{9A19103F-16F7-4668-BE54-9A1E7A4F7556}") = "ToDoListBlazorWebAPI", "ToDoListBlazorWebAPI\ToDoListBlazorWebAPI.csproj", "{DB00AB3F-FD8F-400C-B7D3-2481E499517B}"
EndProject
Project("{9A19103F-16F7-4668-BE54-9A1E7A4F7556}") = "ToDoListModels", "ToDoListModels\ToDoListModels.csproj", "{76269DB3-17A5-471A-93CE-F45415CDA4BE}"
EndProject
Global
	GlobalSection(SolutionConfigurationPlatforms) = preSolution
		Debug|Any CPU = Debug|Any CPU
		Release|Any CPU = Release|Any CPU
	EndGlobalSection
	GlobalSection(ProjectConfigurationPlatforms) = postSolution
		{BAF1BA9D-4D77-40AC-95AB-74A6907BFB6D}.Debug|Any CPU.ActiveCfg = Debug|Any CPU
		{BAF1BA9D-4D77-40AC-95AB-74A6907BFB6D}.Debug|Any CPU.Build.0 = Debug|Any CPU
		{BAF1BA9D-4D77-40AC-95AB-74A6907BFB6D}.Release|Any CPU.ActiveCfg = Release|Any CPU
		{BAF1BA9D-4D77-40AC-95AB-74A6907BFB6D}.Release|Any CPU.Build.0 = Release|Any CPU
		{DB00AB3F-FD8F-400C-B7D3-2481E499517B}.Debug|Any CPU.ActiveCfg = Debug|Any CPU
		{DB00AB3F-FD8F-400C-B7D3-2481E499517B}.Debug|Any CPU.Build.0 = Debug|Any CPU
		{DB00AB3F-FD8F-400C-B7D3-2481E499517B}.Release|Any CPU.ActiveCfg = Release|Any CPU
		{DB00AB3F-FD8F-400C-B7D3-2481E499517B}.Release|Any CPU.Build.0 = Release|Any CPU
		{76269DB3-17A5-471A-93CE-F45415CDA4BE}.Debug|Any CPU.ActiveCfg = Debug|Any CPU
		{76269DB3-17A5-471A-93CE-F45415CDA4BE}.Debug|Any CPU.Build.0 = Debug|Any CPU
		{76269DB3-17A5-471A-93CE-F45415CDA4BE}.Release|Any CPU.ActiveCfg = Release|Any CPU
		{76269DB3-17A5-471A-93CE-F45415CDA4BE}.Release|Any CPU.Build.0 = Release|Any CPU
	EndGlobalSection
	GlobalSection(SolutionProperties) = preSolution
		HideSolutionNode = FALSE
	EndGlobalSection
	GlobalSection(ExtensibilityGlobals) = postSolution
		SolutionGuid = {4FCC50EC-53E8-487C-B304-EB3BAA6A0E24}
	EndGlobalSection
EndGlobal
